// !$*UTF8*$!
{
	archiveVersion = 1;
	classes = {
	};
	objectVersion = 56;
	objects = {

/* Begin PBXBuildFile section */
		917FF5F22DC74B7F00843CBB /* RishiApp.swift in Sources */ = {isa = PBXBuildFile; fileRef = 917FF5F12DC74B7F00843CBB /* RishiApp.swift */; };
		917FF5F62DC74B8000843CBB /* Assets.xcassets in Resources */ = {isa = PBXBuildFile; fileRef = 917FF5F52DC74B8000843CBB /* Assets.xcassets */; };
		917FF5F92DC74B8000843CBB /* Preview Assets.xcassets in Resources */ = {isa = PBXBuildFile; fileRef = 917FF5F82DC74B8000843CBB /* Preview Assets.xcassets */; };
		917FF6062DC74D8F00843CBB /* Dependencies.swift in Sources */ = {isa = PBXBuildFile; fileRef = 917FF6052DC74D8F00843CBB /* Dependencies.swift */; };
		917FF6082DC74DAA00843CBB /* Router.swift in Sources */ = {isa = PBXBuildFile; fileRef = 917FF6072DC74DAA00843CBB /* Router.swift */; };
		917FF60B2DC74DD400843CBB /* ChatMessage.swift in Sources */ = {isa = PBXBuildFile; fileRef = 917FF60A2DC74DD400843CBB /* ChatMessage.swift */; };
		917FF60E2DC74DEF00843CBB /* ChatServiceProtocol.swift in Sources */ = {isa = PBXBuildFile; fileRef = 917FF60D2DC74DEF00843CBB /* ChatServiceProtocol.swift */; };
		917FF6112DC74E1500843CBB /* OllamaService.swift in Sources */ = {isa = PBXBuildFile; fileRef = 917FF6102DC74E1500843CBB /* OllamaService.swift */; };
		917FF6142DC74E3300843CBB /* ChatViewModel.swift in Sources */ = {isa = PBXBuildFile; fileRef = 917FF6132DC74E3300843CBB /* ChatViewModel.swift */; };
		917FF6172DC74E5400843CBB /* ChatView.swift in Sources */ = {isa = PBXBuildFile; fileRef = 917FF6162DC74E5400843CBB /* ChatView.swift */; };
		917FF6192DC74E6300843CBB /* SidebarView.swift in Sources */ = {isa = PBXBuildFile; fileRef = 917FF6182DC74E6300843CBB /* SidebarView.swift */; };
		917FF61B2DC74E7000843CBB /* MessageInputView.swift in Sources */ = {isa = PBXBuildFile; fileRef = 917FF61A2DC74E7000843CBB /* MessageInputView.swift */; };
		917FF61E2DC74E9E00843CBB /* MessageBubble.swift in Sources */ = {isa = PBXBuildFile; fileRef = 917FF61D2DC74E9E00843CBB /* MessageBubble.swift */; };
		917FF6202DC7511E00843CBB /* OllamaError.swift in Sources */ = {isa = PBXBuildFile; fileRef = 917FF61F2DC7511E00843CBB /* OllamaError.swift */; };
		917FF6242DC7694100843CBB /* SpeechServiceProtocol.swift in Sources */ = {isa = PBXBuildFile; fileRef = 917FF6232DC7694100843CBB /* SpeechServiceProtocol.swift */; };
		917FF6272DC7699B00843CBB /* SpeechRecognizerManager.swift in Sources */ = {isa = PBXBuildFile; fileRef = 917FF6262DC7699B00843CBB /* SpeechRecognizerManager.swift */; };
		917FF62B2DC773B100843CBB /* MarkdownUI in Frameworks */ = {isa = PBXBuildFile; productRef = 917FF62A2DC773B100843CBB /* MarkdownUI */; };
		917FF62E2DC77E3800843CBB /* Keyboard.swift in Sources */ = {isa = PBXBuildFile; fileRef = 917FF62D2DC77E3800843CBB /* Keyboard.swift */; };
		917FF6302DC77F9600843CBB /* SystemPrompt.swift in Sources */ = {isa = PBXBuildFile; fileRef = 917FF62F2DC77F9600843CBB /* SystemPrompt.swift */; };
		917FF6322DC780A200843CBB /* SystemPromptSheetView.swift in Sources */ = {isa = PBXBuildFile; fileRef = 917FF6312DC780A200843CBB /* SystemPromptSheetView.swift */; };
		917FF6342DC784F700843CBB /* ModelPickerSheetView.swift in Sources */ = {isa = PBXBuildFile; fileRef = 917FF6332DC784F700843CBB /* ModelPickerSheetView.swift */; };
		917FF6362DC786E300843CBB /* ChatHeaderBar.swift in Sources */ = {isa = PBXBuildFile; fileRef = 917FF6352DC786E300843CBB /* ChatHeaderBar.swift */; };
		917FF6382DC7CE1400843CBB /* ChatHistory.swift in Sources */ = {isa = PBXBuildFile; fileRef = 917FF6372DC7CE1400843CBB /* ChatHistory.swift */; };
		917FF63A2DC7D42A00843CBB /* ChatSessionView.swift in Sources */ = {isa = PBXBuildFile; fileRef = 917FF6392DC7D42A00843CBB /* ChatSessionView.swift */; };
		917FF63E2DC7D7CB00843CBB /* ChatHistoryServiceProtocol.swift in Sources */ = {isa = PBXBuildFile; fileRef = 917FF63D2DC7D7CB00843CBB /* ChatHistoryServiceProtocol.swift */; };
		917FF6412DC7D7F000843CBB /* ChatHistoryService.swift in Sources */ = {isa = PBXBuildFile; fileRef = 917FF6402DC7D7F000843CBB /* ChatHistoryService.swift */; };
/* End PBXBuildFile section */

/* Begin PBXFileReference section */
		917FF5EE2DC74B7F00843CBB /* Rishi.app */ = {isa = PBXFileReference; explicitFileType = wrapper.application; includeInIndex = 0; path = Rishi.app; sourceTree = BUILT_PRODUCTS_DIR; };
		917FF5F12DC74B7F00843CBB /* RishiApp.swift */ = {isa = PBXFileReference; lastKnownFileType = sourcecode.swift; path = RishiApp.swift; sourceTree = "<group>"; };
		917FF5F52DC74B8000843CBB /* Assets.xcassets */ = {isa = PBXFileReference; lastKnownFileType = folder.assetcatalog; path = Assets.xcassets; sourceTree = "<group>"; };
		917FF5F82DC74B8000843CBB /* Preview Assets.xcassets */ = {isa = PBXFileReference; lastKnownFileType = folder.assetcatalog; path = "Preview Assets.xcassets"; sourceTree = "<group>"; };
		917FF5FA2DC74B8000843CBB /* Rishi.entitlements */ = {isa = PBXFileReference; lastKnownFileType = text.plist.entitlements; path = Rishi.entitlements; sourceTree = "<group>"; };
		917FF6052DC74D8F00843CBB /* Dependencies.swift */ = {isa = PBXFileReference; lastKnownFileType = sourcecode.swift; path = Dependencies.swift; sourceTree = "<group>"; };
		917FF6072DC74DAA00843CBB /* Router.swift */ = {isa = PBXFileReference; lastKnownFileType = sourcecode.swift; path = Router.swift; sourceTree = "<group>"; };
		917FF60A2DC74DD400843CBB /* ChatMessage.swift */ = {isa = PBXFileReference; lastKnownFileType = sourcecode.swift; path = ChatMessage.swift; sourceTree = "<group>"; };
		917FF60D2DC74DEF00843CBB /* ChatServiceProtocol.swift */ = {isa = PBXFileReference; lastKnownFileType = sourcecode.swift; path = ChatServiceProtocol.swift; sourceTree = "<group>"; };
		917FF6102DC74E1500843CBB /* OllamaService.swift */ = {isa = PBXFileReference; lastKnownFileType = sourcecode.swift; path = OllamaService.swift; sourceTree = "<group>"; };
		917FF6132DC74E3300843CBB /* ChatViewModel.swift */ = {isa = PBXFileReference; lastKnownFileType = sourcecode.swift; path = ChatViewModel.swift; sourceTree = "<group>"; };
		917FF6162DC74E5400843CBB /* ChatView.swift */ = {isa = PBXFileReference; lastKnownFileType = sourcecode.swift; path = ChatView.swift; sourceTree = "<group>"; };
		917FF6182DC74E6300843CBB /* SidebarView.swift */ = {isa = PBXFileReference; lastKnownFileType = sourcecode.swift; path = SidebarView.swift; sourceTree = "<group>"; };
		917FF61A2DC74E7000843CBB /* MessageInputView.swift */ = {isa = PBXFileReference; lastKnownFileType = sourcecode.swift; path = MessageInputView.swift; sourceTree = "<group>"; };
		917FF61D2DC74E9E00843CBB /* MessageBubble.swift */ = {isa = PBXFileReference; lastKnownFileType = sourcecode.swift; path = MessageBubble.swift; sourceTree = "<group>"; };
		917FF61F2DC7511E00843CBB /* OllamaError.swift */ = {isa = PBXFileReference; lastKnownFileType = sourcecode.swift; path = OllamaError.swift; sourceTree = "<group>"; };
		917FF6232DC7694100843CBB /* SpeechServiceProtocol.swift */ = {isa = PBXFileReference; lastKnownFileType = sourcecode.swift; path = SpeechServiceProtocol.swift; sourceTree = "<group>"; };
		917FF6262DC7699B00843CBB /* SpeechRecognizerManager.swift */ = {isa = PBXFileReference; lastKnownFileType = sourcecode.swift; path = SpeechRecognizerManager.swift; sourceTree = "<group>"; };
		917FF6282DC76CB400843CBB /* Info.plist */ = {isa = PBXFileReference; lastKnownFileType = text.plist; path = Info.plist; sourceTree = "<group>"; };
		917FF62D2DC77E3800843CBB /* Keyboard.swift */ = {isa = PBXFileReference; lastKnownFileType = sourcecode.swift; path = Keyboard.swift; sourceTree = "<group>"; };
		917FF62F2DC77F9600843CBB /* SystemPrompt.swift */ = {isa = PBXFileReference; lastKnownFileType = sourcecode.swift; path = SystemPrompt.swift; sourceTree = "<group>"; };
		917FF6312DC780A200843CBB /* SystemPromptSheetView.swift */ = {isa = PBXFileReference; lastKnownFileType = sourcecode.swift; path = SystemPromptSheetView.swift; sourceTree = "<group>"; };
		917FF6332DC784F700843CBB /* ModelPickerSheetView.swift */ = {isa = PBXFileReference; lastKnownFileType = sourcecode.swift; path = ModelPickerSheetView.swift; sourceTree = "<group>"; };
		917FF6352DC786E300843CBB /* ChatHeaderBar.swift */ = {isa = PBXFileReference; lastKnownFileType = sourcecode.swift; path = ChatHeaderBar.swift; sourceTree = "<group>"; };
		917FF6372DC7CE1400843CBB /* ChatHistory.swift */ = {isa = PBXFileReference; lastKnownFileType = sourcecode.swift; path = ChatHistory.swift; sourceTree = "<group>"; };
		917FF6392DC7D42A00843CBB /* ChatSessionView.swift */ = {isa = PBXFileReference; lastKnownFileType = sourcecode.swift; path = ChatSessionView.swift; sourceTree = "<group>"; };
		917FF63D2DC7D7CB00843CBB /* ChatHistoryServiceProtocol.swift */ = {isa = PBXFileReference; lastKnownFileType = sourcecode.swift; path = ChatHistoryServiceProtocol.swift; sourceTree = "<group>"; };
		917FF6402DC7D7F000843CBB /* ChatHistoryService.swift */ = {isa = PBXFileReference; lastKnownFileType = sourcecode.swift; path = ChatHistoryService.swift; sourceTree = "<group>"; };
/* End PBXFileReference section */

/* Begin PBXFrameworksBuildPhase section */
		917FF5EB2DC74B7F00843CBB /* Frameworks */ = {
			isa = PBXFrameworksBuildPhase;
			buildActionMask = 2147483647;
			files = (
				917FF62B2DC773B100843CBB /* MarkdownUI in Frameworks */,
			);
			runOnlyForDeploymentPostprocessing = 0;
		};
/* End PBXFrameworksBuildPhase section */

/* Begin PBXGroup section */
		917FF5E52DC74B7F00843CBB = {
			isa = PBXGroup;
			children = (
				917FF5F02DC74B7F00843CBB /* Rishi */,
				917FF5EF2DC74B7F00843CBB /* Products */,
			);
			sourceTree = "<group>";
		};
		917FF5EF2DC74B7F00843CBB /* Products */ = {
			isa = PBXGroup;
			children = (
				917FF5EE2DC74B7F00843CBB /* Rishi.app */,
			);
			name = Products;
			sourceTree = "<group>";
		};
		917FF5F02DC74B7F00843CBB /* Rishi */ = {
			isa = PBXGroup;
			children = (
				917FF6282DC76CB400843CBB /* Info.plist */,
				917FF6042DC74C9C00843CBB /* Resources */,
				917FF6032DC74C8E00843CBB /* Presentation */,
				917FF6022DC74C8800843CBB /* Data */,
				917FF6012DC74C8100843CBB /* Core */,
				917FF6002DC74C7900843CBB /* App */,
				917FF5F52DC74B8000843CBB /* Assets.xcassets */,
				917FF5FA2DC74B8000843CBB /* Rishi.entitlements */,
				917FF5F72DC74B8000843CBB /* Preview Content */,
			);
			path = Rishi;
			sourceTree = "<group>";
		};
		917FF5F72DC74B8000843CBB /* Preview Content */ = {
			isa = PBXGroup;
			children = (
				917FF5F82DC74B8000843CBB /* Preview Assets.xcassets */,
			);
			path = "Preview Content";
			sourceTree = "<group>";
		};
		917FF6002DC74C7900843CBB /* App */ = {
			isa = PBXGroup;
			children = (
				917FF5F12DC74B7F00843CBB /* RishiApp.swift */,
				917FF6052DC74D8F00843CBB /* Dependencies.swift */,
				917FF6072DC74DAA00843CBB /* Router.swift */,
			);
			path = App;
			sourceTree = "<group>";
		};
		917FF6012DC74C8100843CBB /* Core */ = {
			isa = PBXGroup;
			children = (
				917FF60C2DC74DE300843CBB /* Protocols */,
				917FF6092DC74DC900843CBB /* Models */,
			);
			path = Core;
			sourceTree = "<group>";
		};
		917FF6022DC74C8800843CBB /* Data */ = {
			isa = PBXGroup;
			children = (
				917FF63F2DC7D7E700843CBB /* Services */,
				917FF6252DC7698900843CBB /* Manager */,
				917FF60F2DC74E0A00843CBB /* Network */,
			);
			path = Data;
			sourceTree = "<group>";
		};
		917FF6032DC74C8E00843CBB /* Presentation */ = {
			isa = PBXGroup;
			children = (
				917FF62C2DC77E2900843CBB /* Utility */,
				917FF61C2DC74E9200843CBB /* Components */,
				917FF6152DC74E4B00843CBB /* Views */,
				917FF6122DC74E2A00843CBB /* ViewModels */,
			);
			path = Presentation;
			sourceTree = "<group>";
		};
		917FF6042DC74C9C00843CBB /* Resources */ = {
			isa = PBXGroup;
			children = (
			);
			path = Resources;
			sourceTree = "<group>";
		};
		917FF6092DC74DC900843CBB /* Models */ = {
			isa = PBXGroup;
			children = (
				917FF60A2DC74DD400843CBB /* ChatMessage.swift */,
				917FF61F2DC7511E00843CBB /* OllamaError.swift */,
				917FF62F2DC77F9600843CBB /* SystemPrompt.swift */,
				917FF6372DC7CE1400843CBB /* ChatHistory.swift */,
			);
			path = Models;
			sourceTree = "<group>";
		};
		917FF60C2DC74DE300843CBB /* Protocols */ = {
			isa = PBXGroup;
			children = (
				917FF60D2DC74DEF00843CBB /* ChatServiceProtocol.swift */,
				917FF6232DC7694100843CBB /* SpeechServiceProtocol.swift */,
				917FF63D2DC7D7CB00843CBB /* ChatHistoryServiceProtocol.swift */,
			);
			path = Protocols;
			sourceTree = "<group>";
		};
		917FF60F2DC74E0A00843CBB /* Network */ = {
			isa = PBXGroup;
			children = (
				917FF6102DC74E1500843CBB /* OllamaService.swift */,
			);
			path = Network;
			sourceTree = "<group>";
		};
		917FF6122DC74E2A00843CBB /* ViewModels */ = {
			isa = PBXGroup;
			children = (
				917FF6132DC74E3300843CBB /* ChatViewModel.swift */,
			);
			path = ViewModels;
			sourceTree = "<group>";
		};
		917FF6152DC74E4B00843CBB /* Views */ = {
			isa = PBXGroup;
			children = (
				917FF6162DC74E5400843CBB /* ChatView.swift */,
				917FF6182DC74E6300843CBB /* SidebarView.swift */,
				917FF61A2DC74E7000843CBB /* MessageInputView.swift */,
				917FF6392DC7D42A00843CBB /* ChatSessionView.swift */,
			);
			path = Views;
			sourceTree = "<group>";
		};
		917FF61C2DC74E9200843CBB /* Components */ = {
			isa = PBXGroup;
			children = (
				917FF6312DC780A200843CBB /* SystemPromptSheetView.swift */,
				917FF61D2DC74E9E00843CBB /* MessageBubble.swift */,
				917FF6332DC784F700843CBB /* ModelPickerSheetView.swift */,
				917FF6352DC786E300843CBB /* ChatHeaderBar.swift */,
			);
			path = Components;
			sourceTree = "<group>";
		};
		917FF6252DC7698900843CBB /* Manager */ = {
			isa = PBXGroup;
			children = (
				917FF6262DC7699B00843CBB /* SpeechRecognizerManager.swift */,
			);
			path = Manager;
			sourceTree = "<group>";
		};
		917FF62C2DC77E2900843CBB /* Utility */ = {
			isa = PBXGroup;
			children = (
				917FF62D2DC77E3800843CBB /* Keyboard.swift */,
			);
			path = Utility;
			sourceTree = "<group>";
		};
		917FF63F2DC7D7E700843CBB /* Services */ = {
			isa = PBXGroup;
			children = (
				917FF6402DC7D7F000843CBB /* ChatHistoryService.swift */,
			);
			path = Services;
			sourceTree = "<group>";
		};
/* End PBXGroup section */

/* Begin PBXNativeTarget section */
		917FF5ED2DC74B7F00843CBB /* Rishi */ = {
			isa = PBXNativeTarget;
			buildConfigurationList = 917FF5FD2DC74B8000843CBB /* Build configuration list for PBXNativeTarget "Rishi" */;
			buildPhases = (
				917FF5EA2DC74B7F00843CBB /* Sources */,
				917FF5EB2DC74B7F00843CBB /* Frameworks */,
				917FF5EC2DC74B7F00843CBB /* Resources */,
			);
			buildRules = (
			);
			dependencies = (
			);
			name = Rishi;
			packageProductDependencies = (
				917FF62A2DC773B100843CBB /* MarkdownUI */,
			);
			productName = Rishi;
			productReference = 917FF5EE2DC74B7F00843CBB /* Rishi.app */;
			productType = "com.apple.product-type.application";
		};
/* End PBXNativeTarget section */

/* Begin PBXProject section */
		917FF5E62DC74B7F00843CBB /* Project object */ = {
			isa = PBXProject;
			attributes = {
				BuildIndependentTargetsInParallel = 1;
				LastSwiftUpdateCheck = 1540;
				LastUpgradeCheck = 1540;
				TargetAttributes = {
					917FF5ED2DC74B7F00843CBB = {
						CreatedOnToolsVersion = 15.4;
					};
				};
			};
			buildConfigurationList = 917FF5E92DC74B7F00843CBB /* Build configuration list for PBXProject "Rishi" */;
			compatibilityVersion = "Xcode 14.0";
			developmentRegion = en;
			hasScannedForEncodings = 0;
			knownRegions = (
				en,
				Base,
			);
			mainGroup = 917FF5E52DC74B7F00843CBB;
			packageReferences = (
				917FF6292DC773B100843CBB /* XCRemoteSwiftPackageReference "MarkdownUI" */,
			);
			productRefGroup = 917FF5EF2DC74B7F00843CBB /* Products */;
			projectDirPath = "";
			projectRoot = "";
			targets = (
				917FF5ED2DC74B7F00843CBB /* Rishi */,
			);
		};
/* End PBXProject section */

/* Begin PBXResourcesBuildPhase section */
		917FF5EC2DC74B7F00843CBB /* Resources */ = {
			isa = PBXResourcesBuildPhase;
			buildActionMask = 2147483647;
			files = (
				917FF5F92DC74B8000843CBB /* Preview Assets.xcassets in Resources */,
				917FF5F62DC74B8000843CBB /* Assets.xcassets in Resources */,
			);
			runOnlyForDeploymentPostprocessing = 0;
		};
/* End PBXResourcesBuildPhase section */

/* Begin PBXSourcesBuildPhase section */
		917FF5EA2DC74B7F00843CBB /* Sources */ = {
			isa = PBXSourcesBuildPhase;
			buildActionMask = 2147483647;
			files = (
				917FF63A2DC7D42A00843CBB /* ChatSessionView.swift in Sources */,
				917FF6412DC7D7F000843CBB /* ChatHistoryService.swift in Sources */,
				917FF6082DC74DAA00843CBB /* Router.swift in Sources */,
				917FF6062DC74D8F00843CBB /* Dependencies.swift in Sources */,
				917FF6142DC74E3300843CBB /* ChatViewModel.swift in Sources */,
				917FF6172DC74E5400843CBB /* ChatView.swift in Sources */,
				917FF6302DC77F9600843CBB /* SystemPrompt.swift in Sources */,
				917FF60B2DC74DD400843CBB /* ChatMessage.swift in Sources */,
				917FF6272DC7699B00843CBB /* SpeechRecognizerManager.swift in Sources */,
				917FF5F22DC74B7F00843CBB /* RishiApp.swift in Sources */,
				917FF62E2DC77E3800843CBB /* Keyboard.swift in Sources */,
				917FF63E2DC7D7CB00843CBB /* ChatHistoryServiceProtocol.swift in Sources */,
				917FF6322DC780A200843CBB /* SystemPromptSheetView.swift in Sources */,
				917FF6342DC784F700843CBB /* ModelPickerSheetView.swift in Sources */,
				917FF61E2DC74E9E00843CBB /* MessageBubble.swift in Sources */,
				917FF6192DC74E6300843CBB /* SidebarView.swift in Sources */,
				917FF6242DC7694100843CBB /* SpeechServiceProtocol.swift in Sources */,
				917FF6382DC7CE1400843CBB /* ChatHistory.swift in Sources */,
				917FF6202DC7511E00843CBB /* OllamaError.swift in Sources */,
				917FF60E2DC74DEF00843CBB /* ChatServiceProtocol.swift in Sources */,
				917FF6362DC786E300843CBB /* ChatHeaderBar.swift in Sources */,
				917FF61B2DC74E7000843CBB /* MessageInputView.swift in Sources */,
				917FF6112DC74E1500843CBB /* OllamaService.swift in Sources */,
			);
			runOnlyForDeploymentPostprocessing = 0;
		};
/* End PBXSourcesBuildPhase section */

/* Begin XCBuildConfiguration section */
		917FF5FB2DC74B8000843CBB /* Debug */ = {
			isa = XCBuildConfiguration;
			buildSettings = {
				ALWAYS_SEARCH_USER_PATHS = NO;
				ASSETCATALOG_COMPILER_GENERATE_SWIFT_ASSET_SYMBOL_EXTENSIONS = YES;
				CLANG_ANALYZER_NONNULL = YES;
				CLANG_ANALYZER_NUMBER_OBJECT_CONVERSION = YES_AGGRESSIVE;
				CLANG_CXX_LANGUAGE_STANDARD = "gnu++20";
				CLANG_ENABLE_MODULES = YES;
				CLANG_ENABLE_OBJC_ARC = YES;
				CLANG_ENABLE_OBJC_WEAK = YES;
				CLANG_WARN_BLOCK_CAPTURE_AUTORELEASING = YES;
				CLANG_WARN_BOOL_CONVERSION = YES;
				CLANG_WARN_COMMA = YES;
				CLANG_WARN_CONSTANT_CONVERSION = YES;
				CLANG_WARN_DEPRECATED_OBJC_IMPLEMENTATIONS = YES;
				CLANG_WARN_DIRECT_OBJC_ISA_USAGE = YES_ERROR;
				CLANG_WARN_DOCUMENTATION_COMMENTS = YES;
				CLANG_WARN_EMPTY_BODY = YES;
				CLANG_WARN_ENUM_CONVERSION = YES;
				CLANG_WARN_INFINITE_RECURSION = YES;
				CLANG_WARN_INT_CONVERSION = YES;
				CLANG_WARN_NON_LITERAL_NULL_CONVERSION = YES;
				CLANG_WARN_OBJC_IMPLICIT_RETAIN_SELF = YES;
				CLANG_WARN_OBJC_LITERAL_CONVERSION = YES;
				CLANG_WARN_OBJC_ROOT_CLASS = YES_ERROR;
				CLANG_WARN_QUOTED_INCLUDE_IN_FRAMEWORK_HEADER = YES;
				CLANG_WARN_RANGE_LOOP_ANALYSIS = YES;
				CLANG_WARN_STRICT_PROTOTYPES = YES;
				CLANG_WARN_SUSPICIOUS_MOVE = YES;
				CLANG_WARN_UNGUARDED_AVAILABILITY = YES_AGGRESSIVE;
				CLANG_WARN_UNREACHABLE_CODE = YES;
				CLANG_WARN__DUPLICATE_METHOD_MATCH = YES;
				COPY_PHASE_STRIP = NO;
				DEBUG_INFORMATION_FORMAT = dwarf;
				ENABLE_STRICT_OBJC_MSGSEND = YES;
				ENABLE_TESTABILITY = YES;
				ENABLE_USER_SCRIPT_SANDBOXING = YES;
				GCC_C_LANGUAGE_STANDARD = gnu17;
				GCC_DYNAMIC_NO_PIC = NO;
				GCC_NO_COMMON_BLOCKS = YES;
				GCC_OPTIMIZATION_LEVEL = 0;
				GCC_PREPROCESSOR_DEFINITIONS = (
					"DEBUG=1",
					"$(inherited)",
				);
				GCC_WARN_64_TO_32_BIT_CONVERSION = YES;
				GCC_WARN_ABOUT_RETURN_TYPE = YES_ERROR;
				GCC_WARN_UNDECLARED_SELECTOR = YES;
				GCC_WARN_UNINITIALIZED_AUTOS = YES_AGGRESSIVE;
				GCC_WARN_UNUSED_FUNCTION = YES;
				GCC_WARN_UNUSED_VARIABLE = YES;
				LOCALIZATION_PREFERS_STRING_CATALOGS = YES;
				MACOSX_DEPLOYMENT_TARGET = 14.5;
				MTL_ENABLE_DEBUG_INFO = INCLUDE_SOURCE;
				MTL_FAST_MATH = YES;
				ONLY_ACTIVE_ARCH = YES;
				SDKROOT = macosx;
				SWIFT_ACTIVE_COMPILATION_CONDITIONS = "DEBUG $(inherited)";
				SWIFT_OPTIMIZATION_LEVEL = "-Onone";
			};
			name = Debug;
		};
		917FF5FC2DC74B8000843CBB /* Release */ = {
			isa = XCBuildConfiguration;
			buildSettings = {
				ALWAYS_SEARCH_USER_PATHS = NO;
				ASSETCATALOG_COMPILER_GENERATE_SWIFT_ASSET_SYMBOL_EXTENSIONS = YES;
				CLANG_ANALYZER_NONNULL = YES;
				CLANG_ANALYZER_NUMBER_OBJECT_CONVERSION = YES_AGGRESSIVE;
				CLANG_CXX_LANGUAGE_STANDARD = "gnu++20";
				CLANG_ENABLE_MODULES = YES;
				CLANG_ENABLE_OBJC_ARC = YES;
				CLANG_ENABLE_OBJC_WEAK = YES;
				CLANG_WARN_BLOCK_CAPTURE_AUTORELEASING = YES;
				CLANG_WARN_BOOL_CONVERSION = YES;
				CLANG_WARN_COMMA = YES;
				CLANG_WARN_CONSTANT_CONVERSION = YES;
				CLANG_WARN_DEPRECATED_OBJC_IMPLEMENTATIONS = YES;
				CLANG_WARN_DIRECT_OBJC_ISA_USAGE = YES_ERROR;
				CLANG_WARN_DOCUMENTATION_COMMENTS = YES;
				CLANG_WARN_EMPTY_BODY = YES;
				CLANG_WARN_ENUM_CONVERSION = YES;
				CLANG_WARN_INFINITE_RECURSION = YES;
				CLANG_WARN_INT_CONVERSION = YES;
				CLANG_WARN_NON_LITERAL_NULL_CONVERSION = YES;
				CLANG_WARN_OBJC_IMPLICIT_RETAIN_SELF = YES;
				CLANG_WARN_OBJC_LITERAL_CONVERSION = YES;
				CLANG_WARN_OBJC_ROOT_CLASS = YES_ERROR;
				CLANG_WARN_QUOTED_INCLUDE_IN_FRAMEWORK_HEADER = YES;
				CLANG_WARN_RANGE_LOOP_ANALYSIS = YES;
				CLANG_WARN_STRICT_PROTOTYPES = YES;
				CLANG_WARN_SUSPICIOUS_MOVE = YES;
				CLANG_WARN_UNGUARDED_AVAILABILITY = YES_AGGRESSIVE;
				CLANG_WARN_UNREACHABLE_CODE = YES;
				CLANG_WARN__DUPLICATE_METHOD_MATCH = YES;
				COPY_PHASE_STRIP = NO;
				DEBUG_INFORMATION_FORMAT = "dwarf-with-dsym";
				ENABLE_NS_ASSERTIONS = NO;
				ENABLE_STRICT_OBJC_MSGSEND = YES;
				ENABLE_USER_SCRIPT_SANDBOXING = YES;
				GCC_C_LANGUAGE_STANDARD = gnu17;
				GCC_NO_COMMON_BLOCKS = YES;
				GCC_WARN_64_TO_32_BIT_CONVERSION = YES;
				GCC_WARN_ABOUT_RETURN_TYPE = YES_ERROR;
				GCC_WARN_UNDECLARED_SELECTOR = YES;
				GCC_WARN_UNINITIALIZED_AUTOS = YES_AGGRESSIVE;
				GCC_WARN_UNUSED_FUNCTION = YES;
				GCC_WARN_UNUSED_VARIABLE = YES;
				LOCALIZATION_PREFERS_STRING_CATALOGS = YES;
				MACOSX_DEPLOYMENT_TARGET = 14.5;
				MTL_ENABLE_DEBUG_INFO = NO;
				MTL_FAST_MATH = YES;
				SDKROOT = macosx;
				SWIFT_COMPILATION_MODE = wholemodule;
			};
			name = Release;
		};
		917FF5FE2DC74B8000843CBB /* Debug */ = {
			isa = XCBuildConfiguration;
			buildSettings = {
				ASSETCATALOG_COMPILER_APPICON_NAME = AppIcon;
				ASSETCATALOG_COMPILER_GLOBAL_ACCENT_COLOR_NAME = AccentColor;
				CODE_SIGN_ENTITLEMENTS = Rishi/Rishi.entitlements;
				CODE_SIGN_STYLE = Automatic;
				COMBINE_HIDPI_IMAGES = YES;
				CURRENT_PROJECT_VERSION = 1;
				DEVELOPMENT_ASSET_PATHS = "\"Rishi/Preview Content\"";
				DEVELOPMENT_TEAM = 79Q9WFF2X8;
				ENABLE_HARDENED_RUNTIME = YES;
				ENABLE_PREVIEWS = YES;
				GENERATE_INFOPLIST_FILE = YES;
				INFOPLIST_FILE = Rishi/Info.plist;
				INFOPLIST_KEY_NSHumanReadableCopyright = "";
				INFOPLIST_KEY_NSMicrophoneUsageDescription = "Voice input is used to transcribe prompts for AI chat.";
				INFOPLIST_KEY_NSSpeechRecognitionUsageDescription = "Voice input is used to transcribe prompts for AI chat.";
				LD_RUNPATH_SEARCH_PATHS = (
					"$(inherited)",
					"@executable_path/../Frameworks",
				);
				MARKETING_VERSION = 1.0;
				PRODUCT_BUNDLE_IDENTIFIER = com.app.Rishi;
				PRODUCT_NAME = "$(TARGET_NAME)";
				SWIFT_EMIT_LOC_STRINGS = YES;
				SWIFT_VERSION = 5.0;
			};
			name = Debug;
		};
		917FF5FF2DC74B8000843CBB /* Release */ = {
			isa = XCBuildConfiguration;
			buildSettings = {
				ASSETCATALOG_COMPILER_APPICON_NAME = AppIcon;
				ASSETCATALOG_COMPILER_GLOBAL_ACCENT_COLOR_NAME = AccentColor;
				CODE_SIGN_ENTITLEMENTS = Rishi/Rishi.entitlements;
				CODE_SIGN_STYLE = Automatic;
				COMBINE_HIDPI_IMAGES = YES;
				CURRENT_PROJECT_VERSION = 1;
				DEVELOPMENT_ASSET_PATHS = "\"Rishi/Preview Content\"";
				DEVELOPMENT_TEAM = 79Q9WFF2X8;
				ENABLE_HARDENED_RUNTIME = YES;
				ENABLE_PREVIEWS = YES;
				GENERATE_INFOPLIST_FILE = YES;
				INFOPLIST_FILE = Rishi/Info.plist;
				INFOPLIST_KEY_NSHumanReadableCopyright = "";
				INFOPLIST_KEY_NSMicrophoneUsageDescription = "Voice input is used to transcribe prompts for AI chat.";
				INFOPLIST_KEY_NSSpeechRecognitionUsageDescription = "Voice input is used to transcribe prompts for AI chat.";
				LD_RUNPATH_SEARCH_PATHS = (
					"$(inherited)",
					"@executable_path/../Frameworks",
				);
				MARKETING_VERSION = 1.0;
				PRODUCT_BUNDLE_IDENTIFIER = com.app.Rishi;
				PRODUCT_NAME = "$(TARGET_NAME)";
				SWIFT_EMIT_LOC_STRINGS = YES;
				SWIFT_VERSION = 5.0;
			};
			name = Release;
		};
/* End XCBuildConfiguration section */

/* Begin XCConfigurationList section */
		917FF5E92DC74B7F00843CBB /* Build configuration list for PBXProject "Rishi" */ = {
			isa = XCConfigurationList;
			buildConfigurations = (
				917FF5FB2DC74B8000843CBB /* Debug */,
				917FF5FC2DC74B8000843CBB /* Release */,
			);
			defaultConfigurationIsVisible = 0;
			defaultConfigurationName = Release;
		};
		917FF5FD2DC74B8000843CBB /* Build configuration list for PBXNativeTarget "Rishi" */ = {
			isa = XCConfigurationList;
			buildConfigurations = (
				917FF5FE2DC74B8000843CBB /* Debug */,
				917FF5FF2DC74B8000843CBB /* Release */,
			);
			defaultConfigurationIsVisible = 0;
			defaultConfigurationName = Release;
		};
/* End XCConfigurationList section */

/* Begin XCRemoteSwiftPackageReference section */
		917FF6292DC773B100843CBB /* XCRemoteSwiftPackageReference "MarkdownUI" */ = {
			isa = XCRemoteSwiftPackageReference;
			repositoryURL = "https://github.com/gonzalezreal/MarkdownUI.git";
			requirement = {
				kind = upToNextMajorVersion;
				minimumVersion = 2.4.1;
			};
		};
/* End XCRemoteSwiftPackageReference section */

/* Begin XCSwiftPackageProductDependency section */
		917FF62A2DC773B100843CBB /* MarkdownUI */ = {
			isa = XCSwiftPackageProductDependency;
			package = 917FF6292DC773B100843CBB /* XCRemoteSwiftPackageReference "MarkdownUI" */;
			productName = MarkdownUI;
		};
/* End XCSwiftPackageProductDependency section */
	};
	rootObject = 917FF5E62DC74B7F00843CBB /* Project object */;
}
